
Microsoft Visual Studio Solution File, Format Version 12.00
# Visual Studio Version 17
VisualStudioVersion = 17.9.34723.18
MinimumVisualStudioVersion = 10.0.40219.1
Project("{9A19103F-16F7-4668-BE54-9A1E7A4F7556}") = "FindNextCIDRRange", "src\Find-NextCidrRange\FindNextCIDRRange.csproj", "{A6B04A2A-E01D-42BE-8EB6-D9617520B7E2}"
EndProject
Global
	GlobalSection(SolutionConfigurationPlatforms) = preSolution
		Debug|Any CPU = Debug|Any CPU
		Release|Any CPU = Release|Any CPU
	EndGlobalSection
	GlobalSection(ProjectConfigurationPlatforms) = postSolution
		{A6B04A2A-E01D-42BE-8EB6-D9617520B7E2}.Debug|Any CPU.ActiveCfg = Debug|Any CPU
		{A6B04A2A-E01D-42BE-8EB6-D9617520B7E2}.Debug|Any CPU.Build.0 = Debug|Any CPU
		{A6B04A2A-E01D-42BE-8EB6-D9617520B7E2}.Release|Any CPU.ActiveCfg = Release|Any CPU
		{A6B04A2A-E01D-42BE-8EB6-D9617520B7E2}.Release|Any CPU.Build.0 = Release|Any CPU
	EndGlobalSection
	GlobalSection(SolutionProperties) = preSolution
		HideSolutionNode = FALSE
	EndGlobalSection
	GlobalSection(ExtensibilityGlobals) = postSolution
		SolutionGuid = {BEDE3146-BBA1-4B20-8534-A62647A60087}
	EndGlobalSection
EndGlobal
